
Microsoft Visual Studio Solution File, Format Version 12.00
# Visual Studio Version 16
VisualStudioVersion = 16.0.29613.14
MinimumVisualStudioVersion = 10.0.40219.1
Project("{FAE04EC0-301F-11D3-BF4B-00C04F79EFBC}") = "ConsoleApp1", "ConsoleApp1.csproj", "{D8B17689-B8E1-4CCD-A819-4EE263CA983A}"
EndProject
Project("{FAE04EC0-301F-11D3-BF4B-00C04F79EFBC}") = "ArraySample", "..\ArraySample\ArraySample.csproj", "{432F27D5-3055-47C4-AC94-9603A73E1C6D}"
EndProject
Project("{FAE04EC0-301F-11D3-BF4B-00C04F79EFBC}") = "ConsoleApp2", "..\ConsoleApp2\ConsoleApp2.csproj", "{805CC054-362A-4F03-8B4F-05EA5A4C238F}"
EndProject
Project("{FAE04EC0-301F-11D3-BF4B-00C04F79EFBC}") = "ConsoleApp3", "..\ConsoleApp3\ConsoleApp3.csproj", "{23077EB6-9B4B-46BC-8936-D85A1FCA5BB3}"
EndProject
Project("{FAE04EC0-301F-11D3-BF4B-00C04F79EFBC}") = "SleepHelper", "..\SleepHelper\SleepHelper.csproj", "{38D49576-7927-4C31-84CF-7827A52079D1}"
EndProject
Project("{FAE04EC0-301F-11D3-BF4B-00C04F79EFBC}") = "homework1", "..\homework1\homework1.csproj", "{57694AA8-C6B8-4AFC-A1D0-FA5F4979F3BD}"
EndProject
Global
	GlobalSection(SolutionConfigurationPlatforms) = preSolution
		Debug|Any CPU = Debug|Any CPU
		Release|Any CPU = Release|Any CPU
	EndGlobalSection
	GlobalSection(ProjectConfigurationPlatforms) = postSolution
		{D8B17689-B8E1-4CCD-A819-4EE263CA983A}.Debug|Any CPU.ActiveCfg = Debug|Any CPU
		{D8B17689-B8E1-4CCD-A819-4EE263CA983A}.Debug|Any CPU.Build.0 = Debug|Any CPU
		{D8B17689-B8E1-4CCD-A819-4EE263CA983A}.Release|Any CPU.ActiveCfg = Release|Any CPU
		{D8B17689-B8E1-4CCD-A819-4EE263CA983A}.Release|Any CPU.Build.0 = Release|Any CPU
		{432F27D5-3055-47C4-AC94-9603A73E1C6D}.Debug|Any CPU.ActiveCfg = Debug|Any CPU
		{432F27D5-3055-47C4-AC94-9603A73E1C6D}.Debug|Any CPU.Build.0 = Debug|Any CPU
		{432F27D5-3055-47C4-AC94-9603A73E1C6D}.Release|Any CPU.ActiveCfg = Release|Any CPU
		{432F27D5-3055-47C4-AC94-9603A73E1C6D}.Release|Any CPU.Build.0 = Release|Any CPU
		{805CC054-362A-4F03-8B4F-05EA5A4C238F}.Debug|Any CPU.ActiveCfg = Debug|Any CPU
		{805CC054-362A-4F03-8B4F-05EA5A4C238F}.Debug|Any CPU.Build.0 = Debug|Any CPU
		{805CC054-362A-4F03-8B4F-05EA5A4C238F}.Release|Any CPU.ActiveCfg = Release|Any CPU
		{805CC054-362A-4F03-8B4F-05EA5A4C238F}.Release|Any CPU.Build.0 = Release|Any CPU
		{23077EB6-9B4B-46BC-8936-D85A1FCA5BB3}.Debug|Any CPU.ActiveCfg = Debug|Any CPU
		{23077EB6-9B4B-46BC-8936-D85A1FCA5BB3}.Debug|Any CPU.Build.0 = Debug|Any CPU
		{23077EB6-9B4B-46BC-8936-D85A1FCA5BB3}.Release|Any CPU.ActiveCfg = Release|Any CPU
		{23077EB6-9B4B-46BC-8936-D85A1FCA5BB3}.Release|Any CPU.Build.0 = Release|Any CPU
		{38D49576-7927-4C31-84CF-7827A52079D1}.Debug|Any CPU.ActiveCfg = Debug|Any CPU
		{38D49576-7927-4C31-84CF-7827A52079D1}.Debug|Any CPU.Build.0 = Debug|Any CPU
		{38D49576-7927-4C31-84CF-7827A52079D1}.Release|Any CPU.ActiveCfg = Release|Any CPU
		{38D49576-7927-4C31-84CF-7827A52079D1}.Release|Any CPU.Build.0 = Release|Any CPU
		{57694AA8-C6B8-4AFC-A1D0-FA5F4979F3BD}.Debug|Any CPU.ActiveCfg = Debug|Any CPU
		{57694AA8-C6B8-4AFC-A1D0-FA5F4979F3BD}.Debug|Any CPU.Build.0 = Debug|Any CPU
		{57694AA8-C6B8-4AFC-A1D0-FA5F4979F3BD}.Release|Any CPU.ActiveCfg = Release|Any CPU
		{57694AA8-C6B8-4AFC-A1D0-FA5F4979F3BD}.Release|Any CPU.Build.0 = Release|Any CPU
	EndGlobalSection
	GlobalSection(SolutionProperties) = preSolution
		HideSolutionNode = FALSE
	EndGlobalSection
	GlobalSection(ExtensibilityGlobals) = postSolution
		SolutionGuid = {D5475471-835D-40E7-9F64-EBAA9AD41887}
	EndGlobalSection
EndGlobal
